{
  "nodes": {
    "grub-themes": {
      "inputs": {
        "nixpkgs": "nixpkgs"
      },
      "locked": {
        "lastModified": 1708174123,
        "narHash": "sha256-h1m4PaeKXVXTJcAg0urnHHnXZKpIA159ZZ/XBOQXyZo=",
        "owner": "vinceliuice",
        "repo": "grub2-themes",
        "rev": "eda1b86dd8e991ea0c03090ff60b4c0b63799489",
        "type": "github"
      },
      "original": {
        "owner": "vinceliuice",
        "repo": "grub2-themes",
        "type": "github"
      }
    },
    "home-manager": {
      "inputs": {
        "nixpkgs": [
          "nixpkgs"
        ]
      },
      "locked": {
        "lastModified": 1711915616,
        "narHash": "sha256-co6LoFA+j6BZEeJNSR8nZ4oOort5qYPskjrDHBaJgmo=",
        "owner": "nix-community",
        "repo": "home-manager",
        "rev": "820be197ccf3adaad9a8856ef255c13b6cc561a6",
        "type": "github"
      },
      "original": {
        "owner": "nix-community",
        "ref": "master",
        "repo": "home-manager",
        "type": "github"
      }
    },
    "nix-flatpak": {
      "locked": {
        "lastModified": 1708268179,
        "narHash": "sha256-NNVuhf84AeDTxadfSGnFqPHR0ED+QyM2gmu+Wyz6PrY=",
        "owner": "gmodena",
        "repo": "nix-flatpak",
        "rev": "a243cb0522f6240c194b873dde68e25370b06034",
        "type": "github"
      },
      "original": {
        "owner": "gmodena",
        "ref": "v0.3.0",
        "repo": "nix-flatpak",
        "type": "github"
      }
    },
    "nix-software-center": {
      "inputs": {
        "nixpkgs": "nixpkgs_2",
        "utils": "utils"
      },
      "locked": {
        "lastModified": 1703105285,
        "narHash": "sha256-BHoW1RQMc2Auz8paBvTBriKv0F6FI99+3nnz/ELLawg=",
        "owner": "vlinkz",
        "repo": "nix-software-center",
        "rev": "68e87fb6e24fb3e6fe65449918d0cbda96622b65",
        "type": "github"
      },
      "original": {
        "owner": "vlinkz",
        "repo": "nix-software-center",
        "type": "github"
      }
    },
    "nixlib": {
      "locked": {
        "lastModified": 1711241261,
        "narHash": "sha256-knrTvpl81yGFHIpm1SsLDApe0thFkw1cl3ISAMPmP/0=",
        "owner": "nix-community",
        "repo": "nixpkgs.lib",
        "rev": "b2a1eeef8c185f6bd27432b053ff09d773244cbc",
        "type": "github"
      },
      "original": {
        "owner": "nix-community",
        "repo": "nixpkgs.lib",
        "type": "github"
      }
    },
    "nixos-generators": {
      "inputs": {
        "nixlib": "nixlib",
        "nixpkgs": [
          "nixpkgs"
        ]
      },
      "locked": {
        "lastModified": 1711626141,
        "narHash": "sha256-0qV1pHeIyUZ18cp8ijQnMf7uV+Uk4+UqTCC6yGSGWvk=",
        "owner": "nix-community",
        "repo": "nixos-generators",
        "rev": "63194fceafbfe583a9eb7d16ab499adc0a6c0bc2",
        "type": "github"
      },
      "original": {
        "owner": "nix-community",
        "repo": "nixos-generators",
        "type": "github"
      }
    },
    "nixos-hardware": {
      "locked": {
        "lastModified": 1711352745,
        "narHash": "sha256-luvqik+i3HTvCbXQZgB6uggvEcxI9uae0nmrgtXJ17U=",
        "owner": "NixOS",
        "repo": "nixos-hardware",
        "rev": "9a763a7acc4cfbb8603bb0231fec3eda864f81c0",
        "type": "github"
      },
      "original": {
        "owner": "NixOS",
        "ref": "master",
        "repo": "nixos-hardware",
        "type": "github"
      }
    },
    "nixpkgs": {
      "locked": {
        "lastModified": 1711927496,
        "narHash": "sha256-DRHVQ2Z1Yj0X4gHzo9F6PJdAjBYKOHd3J2dlWj1xEz4=",
        "owner": "NixOS",
        "repo": "nixpkgs",
        "rev": "dbe5775901382086375f0a94cb43fdf4a36ed48c",
        "type": "github"
      },
      "original": {
        "owner": "NixOS",
        "ref": "master",
        "repo": "nixpkgs",
        "type": "github"
      }
    },
    "nixpkgs-stable": {
      "locked": {
        "lastModified": 1711668574,
        "narHash": "sha256-u1dfs0ASQIEr1icTVrsKwg2xToIpn7ZXxW3RHfHxshg=",
        "owner": "nixos",
        "repo": "nixpkgs",
        "rev": "219951b495fc2eac67b1456824cc1ec1fd2ee659",
        "type": "github"
      },
      "original": {
        "owner": "nixos",
        "ref": "nixos-23.11",
        "repo": "nixpkgs",
        "type": "github"
      }
    },
    "nixpkgs-unstable": {
      "locked": {
        "lastModified": 1711703276,
        "narHash": "sha256-iMUFArF0WCatKK6RzfUJknjem0H9m4KgorO/p3Dopkk=",
        "owner": "nixos",
        "repo": "nixpkgs",
        "rev": "d8fe5e6c92d0d190646fb9f1056741a229980089",
        "type": "github"
      },
      "original": {
        "owner": "nixos",
        "ref": "nixos-unstable",
        "repo": "nixpkgs",
        "type": "github"
      }
    },
    "nixpkgs-unstable-pcloud-ok": {
      "locked": {
        "lastModified": 1680213900,
        "narHash": "sha256-cIDr5WZIj3EkKyCgj/6j3HBH4Jj1W296z7HTcWj1aMA=",
        "owner": "NixOS",
        "repo": "nixpkgs",
        "rev": "e3652e0735fbec227f342712f180f4f21f0594f2",
        "type": "github"
      },
      "original": {
        "owner": "NixOS",
        "repo": "nixpkgs",
        "rev": "e3652e0735fbec227f342712f180f4f21f0594f2",
        "type": "github"
      }
    },
    "nixpkgs_2": {
      "locked": {
        "lastModified": 1692638711,
        "narHash": "sha256-J0LgSFgJVGCC1+j5R2QndadWI1oumusg6hCtYAzLID4=",
        "owner": "NixOS",
        "repo": "nixpkgs",
        "rev": "91a22f76cd1716f9d0149e8a5c68424bb691de15",
        "type": "github"
      },
      "original": {
        "owner": "NixOS",
        "ref": "nixos-unstable",
        "repo": "nixpkgs",
        "type": "github"
      }
    },
    "nixpkgs_3": {
      "locked": {
        "lastModified": 1711703276,
        "narHash": "sha256-iMUFArF0WCatKK6RzfUJknjem0H9m4KgorO/p3Dopkk=",
        "owner": "nixos",
        "repo": "nixpkgs",
        "rev": "d8fe5e6c92d0d190646fb9f1056741a229980089",
        "type": "github"
      },
      "original": {
        "owner": "nixos",
        "ref": "nixos-unstable",
        "repo": "nixpkgs",
        "type": "github"
      }
    },
    "nur": {
      "locked": {
        "lastModified": 1711914285,
        "narHash": "sha256-n7Bm62/s+t/S3xiZz33gp4HWgKfSOgYG5JzmT0gJoQ8=",
        "owner": "nix-community",
        "repo": "NUR",
        "rev": "327169ed2b4766f8112d4fb144bc8f8a7cebf8bd",
        "type": "github"
      },
      "original": {
        "owner": "nix-community",
        "repo": "NUR",
        "type": "github"
      }
    },
    "plasma-manager": {
      "inputs": {
        "home-manager": [
          "home-manager"
        ],
        "nixpkgs": [
          "nixpkgs"
        ]
      },
      "locked": {
        "lastModified": 1711920558,
        "narHash": "sha256-F8ESttizNOXsLfv9PeTen3lvq3cnxG9RV2RiHgGzA2Q=",
        "owner": "pjones",
        "repo": "plasma-manager",
        "rev": "88cf932923835c05f26176a8a4df30a0dd1e7775",
        "type": "github"
      },
      "original": {
        "owner": "pjones",
        "repo": "plasma-manager",
        "type": "github"
      }
    },
    "root": {
      "inputs": {
        "grub-themes": "grub-themes",
        "home-manager": "home-manager",
        "nix-flatpak": "nix-flatpak",
        "nix-software-center": "nix-software-center",
        "nixos-generators": "nixos-generators",
        "nixos-hardware": "nixos-hardware",
        "nixpkgs": "nixpkgs_3",
        "nixpkgs-stable": "nixpkgs-stable",
        "nixpkgs-unstable": "nixpkgs-unstable",
        "nixpkgs-unstable-pcloud-ok": "nixpkgs-unstable-pcloud-ok",
        "nur": "nur",
        "plasma-manager": "plasma-manager"
      }
    },
    "systems": {
      "locked": {
        "lastModified": 1681028828,
        "narHash": "sha256-Vy1rq5AaRuLzOxct8nz4T6wlgyUR7zLU309k9mBC768=",
        "owner": "nix-systems",
        "repo": "default",
        "rev": "da67096a3b9bf56a91d16901293e51ba5b49a27e",
        "type": "github"
      },
      "original": {
        "owner": "nix-systems",
        "repo": "default",
        "type": "github"
      }
    },
    "utils": {
      "inputs": {
        "systems": "systems"
      },
      "locked": {
        "lastModified": 1689068808,
        "narHash": "sha256-6ixXo3wt24N/melDWjq70UuHQLxGV8jZvooRanIHXw0=",
        "owner": "numtide",
        "repo": "flake-utils",
        "rev": "919d646de7be200f3bf08cb76ae1f09402b6f9b4",
        "type": "github"
      },
      "original": {
        "owner": "numtide",
        "repo": "flake-utils",
        "type": "github"
      }
    }
  },
  "root": "root",
  "version": 7
}
